
Microsoft Visual Studio Solution File, Format Version 12.00
# Visual Studio Version 17
VisualStudioVersion = 17.8.34511.84
MinimumVisualStudioVersion = 10.0.40219.1
Project("{FAE04EC0-301F-11D3-BF4B-00C04F79EFBC}") = "Gyakorlas_Cars_Owners", "Gyakorlas_Cars_Owners.csproj", "{C9AA533C-0B98-4F29-A248-FDCE074CD649}"
EndProject
Global
	GlobalSection(SolutionConfigurationPlatforms) = preSolution
		Debug|Any CPU = Debug|Any CPU
		Release|Any CPU = Release|Any CPU
	EndGlobalSection
	GlobalSection(ProjectConfigurationPlatforms) = postSolution
		{C9AA533C-0B98-4F29-A248-FDCE074CD649}.Debug|Any CPU.ActiveCfg = Debug|Any CPU
		{C9AA533C-0B98-4F29-A248-FDCE074CD649}.Debug|Any CPU.Build.0 = Debug|Any CPU
		{C9AA533C-0B98-4F29-A248-FDCE074CD649}.Release|Any CPU.ActiveCfg = Release|Any CPU
		{C9AA533C-0B98-4F29-A248-FDCE074CD649}.Release|Any CPU.Build.0 = Release|Any CPU
	EndGlobalSection
	GlobalSection(SolutionProperties) = preSolution
		HideSolutionNode = FALSE
	EndGlobalSection
	GlobalSection(ExtensibilityGlobals) = postSolution
		SolutionGuid = {897F7F3C-9BEC-497A-8164-F92EEF4AA66B}
	EndGlobalSection
EndGlobal
